
Microsoft Visual Studio Solution File, Format Version 12.00
# Visual Studio Version 16
VisualStudioVersion = 16.0.30804.86
MinimumVisualStudioVersion = 15.0.26124.0
Project("{FAE04EC0-301F-11D3-BF4B-00C04F79EFBC}") = "XenonDumper", "xenondumper\XenonDumper.csproj", "{3B397D4B-9009-47C5-A459-D00FE2451E27}"
EndProject
Project("{8BC9CEB8-8B4A-11D0-8D11-00A0C91BC942}") = "XenonDll", "xenondll\XenonDll.vcxproj", "{66F32AC0-2A11-4940-86F4-86E129DE2680}"
EndProject
Project("{2150E333-8FDC-42A3-9474-1A3956D46DE8}") = "Scripts", "Scripts", "{7178F304-B4FA-4D0D-B998-2D74E3307C24}"
	ProjectSection(SolutionItems) = preProject
		XenonInit.lua = XenonInit.lua
	EndProjectSection
EndProject
Project("{FAE04EC0-301F-11D3-BF4B-00C04F79EFBC}") = "XenonClient", "XenonClient\XenonClient.csproj", "{8F613355-FD50-4D7F-8403-294646940078}"
EndProject
Global
	GlobalSection(SolutionConfigurationPlatforms) = preSolution
		Debug|Any CPU = Debug|Any CPU
		Debug|x86 = Debug|x86
		Release|Any CPU = Release|Any CPU
		Release|x86 = Release|x86
	EndGlobalSection
	GlobalSection(ProjectConfigurationPlatforms) = postSolution
		{3B397D4B-9009-47C5-A459-D00FE2451E27}.Debug|Any CPU.ActiveCfg = Debug|x86
		{3B397D4B-9009-47C5-A459-D00FE2451E27}.Debug|x86.ActiveCfg = Debug|x86
		{3B397D4B-9009-47C5-A459-D00FE2451E27}.Debug|x86.Build.0 = Debug|x86
		{3B397D4B-9009-47C5-A459-D00FE2451E27}.Release|Any CPU.ActiveCfg = Release|x86
		{3B397D4B-9009-47C5-A459-D00FE2451E27}.Release|x86.ActiveCfg = Release|x86
		{3B397D4B-9009-47C5-A459-D00FE2451E27}.Release|x86.Build.0 = Release|x86
		{66F32AC0-2A11-4940-86F4-86E129DE2680}.Debug|Any CPU.ActiveCfg = Debug|Win32
		{66F32AC0-2A11-4940-86F4-86E129DE2680}.Debug|x86.ActiveCfg = Debug|Win32
		{66F32AC0-2A11-4940-86F4-86E129DE2680}.Debug|x86.Build.0 = Debug|Win32
		{66F32AC0-2A11-4940-86F4-86E129DE2680}.Release|Any CPU.ActiveCfg = Release|Win32
		{66F32AC0-2A11-4940-86F4-86E129DE2680}.Release|x86.ActiveCfg = Release|Win32
		{66F32AC0-2A11-4940-86F4-86E129DE2680}.Release|x86.Build.0 = Release|Win32
		{8F613355-FD50-4D7F-8403-294646940078}.Debug|Any CPU.ActiveCfg = Debug|Any CPU
		{8F613355-FD50-4D7F-8403-294646940078}.Debug|Any CPU.Build.0 = Debug|Any CPU
		{8F613355-FD50-4D7F-8403-294646940078}.Debug|x86.ActiveCfg = Debug|Any CPU
		{8F613355-FD50-4D7F-8403-294646940078}.Debug|x86.Build.0 = Debug|Any CPU
		{8F613355-FD50-4D7F-8403-294646940078}.Release|Any CPU.ActiveCfg = Release|Any CPU
		{8F613355-FD50-4D7F-8403-294646940078}.Release|Any CPU.Build.0 = Release|Any CPU
		{8F613355-FD50-4D7F-8403-294646940078}.Release|x86.ActiveCfg = Release|Any CPU
		{8F613355-FD50-4D7F-8403-294646940078}.Release|x86.Build.0 = Release|Any CPU
	EndGlobalSection
	GlobalSection(SolutionProperties) = preSolution
		HideSolutionNode = FALSE
	EndGlobalSection
	GlobalSection(ExtensibilityGlobals) = postSolution
		SolutionGuid = {1563352E-8E57-41DE-BB28-69F5A0D6106E}
	EndGlobalSection
EndGlobal
